
Microsoft Visual Studio Solution File, Format Version 12.00
# Visual Studio Version 16
VisualStudioVersion = 16.0.31729.503
MinimumVisualStudioVersion = 10.0.40219.1
Project("{FAE04EC0-301F-11D3-BF4B-00C04F79EFBC}") = "Юлия", "Юлия\Юлия.csproj", "{F5EA948F-DB00-47EE-9C0F-47EE76C6224C}"
EndProject
Global
	GlobalSection(SolutionConfigurationPlatforms) = preSolution
		Debug|Any CPU = Debug|Any CPU
		Release|Any CPU = Release|Any CPU
	EndGlobalSection
	GlobalSection(ProjectConfigurationPlatforms) = postSolution
		{F5EA948F-DB00-47EE-9C0F-47EE76C6224C}.Debug|Any CPU.ActiveCfg = Debug|Any CPU
		{F5EA948F-DB00-47EE-9C0F-47EE76C6224C}.Debug|Any CPU.Build.0 = Debug|Any CPU
		{F5EA948F-DB00-47EE-9C0F-47EE76C6224C}.Release|Any CPU.ActiveCfg = Release|Any CPU
		{F5EA948F-DB00-47EE-9C0F-47EE76C6224C}.Release|Any CPU.Build.0 = Release|Any CPU
	EndGlobalSection
	GlobalSection(SolutionProperties) = preSolution
		HideSolutionNode = FALSE
	EndGlobalSection
	GlobalSection(ExtensibilityGlobals) = postSolution
		SolutionGuid = {E33E36E3-8C40-4D2A-964B-466621A6620A}
	EndGlobalSection
EndGlobal
